{
  "version": 4,
  "terraform_version": "1.2.6",
  "serial": 13,
  "lineage": "8245bd3b-b28a-e08d-130c-31aec00dada5",
  "outputs": {
    "ip_address": {
      "value": "67.205.139.220",
      "type": "string"
    }
  },
  "resources": [
    {
      "mode": "managed",
      "type": "digitalocean_droplet",
      "name": "terramino",
      "provider": "provider[\"registry.terraform.io/digitalocean/digitalocean\"]",
      "instances": [
        {
          "schema_version": 1,
          "attributes": {
            "backups": false,
            "created_at": "2022-08-25T13:00:33Z",
            "disk": 25,
            "droplet_agent": null,
            "graceful_shutdown": false,
            "id": "314014878",
            "image": "ubuntu-18-04-x64",
            "ipv4_address": "67.205.139.220",
            "ipv4_address_private": "10.116.0.2",
            "ipv6": false,
            "ipv6_address": "",
            "locked": false,
            "memory": 1024,
            "monitoring": false,
            "name": "terramino",
            "price_hourly": 0.00893,
            "price_monthly": 6,
            "private_networking": true,
            "region": "nyc1",
            "resize_disk": true,
            "size": "s-1vcpu-1gb",
            "ssh_keys": null,
            "status": "active",
            "tags": null,
            "timeouts": null,
            "urn": "do:droplet:314014878",
            "user_data": "40a698fe3c7b90ca85054913f8be61c2e69c49ec",
            "vcpus": 1,
            "volume_ids": [],
            "vpc_uuid": "30fbe857-3364-4262-a839-b2af237bc33e"
          },
          "sensitive_attributes": [],
          "private": "eyJlMmJmYjczMC1lY2FhLTExZTYtOGY4OC0zNDM2M2JjN2M0YzAiOnsiY3JlYXRlIjozNjAwMDAwMDAwMDAwLCJkZWxldGUiOjYwMDAwMDAwMDAwLCJ1cGRhdGUiOjM2MDAwMDAwMDAwMDB9LCJzY2hlbWFfdmVyc2lvbiI6IjEifQ=="
        }
      ]
    }
  ]
}
